// !$*UTF8*$!
{
	archiveVersion = 1;
	classes = {
	};
	objectVersion = 56;
	objects = {

/* Begin PBXBuildFile section */
		D693870E29A5E0F3002D35D5 /* AppDelegate.swift in Sources */ = {isa = PBXBuildFile; fileRef = D693870D29A5E0F3002D35D5 /* AppDelegate.swift */; };
		D693871029A5E0F3002D35D5 /* SceneDelegate.swift in Sources */ = {isa = PBXBuildFile; fileRef = D693870F29A5E0F3002D35D5 /* SceneDelegate.swift */; };
		D693871229A5E0F3002D35D5 /* ViewController.swift in Sources */ = {isa = PBXBuildFile; fileRef = D693871129A5E0F3002D35D5 /* ViewController.swift */; };
		D693871529A5E0F3002D35D5 /* Main.storyboard in Resources */ = {isa = PBXBuildFile; fileRef = D693871329A5E0F3002D35D5 /* Main.storyboard */; };
		D693871729A5E0F5002D35D5 /* Assets.xcassets in Resources */ = {isa = PBXBuildFile; fileRef = D693871629A5E0F5002D35D5 /* Assets.xcassets */; };
		D693871A29A5E0F5002D35D5 /* LaunchScreen.storyboard in Resources */ = {isa = PBXBuildFile; fileRef = D693871829A5E0F5002D35D5 /* LaunchScreen.storyboard */; };
		D693872329A5E66B002D35D5 /* CardType.swift in Sources */ = {isa = PBXBuildFile; fileRef = D693872229A5E66B002D35D5 /* CardType.swift */; };
		D693872529A5EC1F002D35D5 /* DynamicLayoutGroupProvider.swift in Sources */ = {isa = PBXBuildFile; fileRef = D693872429A5EC1F002D35D5 /* DynamicLayoutGroupProvider.swift */; };
		D693872729A5ED27002D35D5 /* DeviceCardGroupProvider.swift in Sources */ = {isa = PBXBuildFile; fileRef = D693872629A5ED27002D35D5 /* DeviceCardGroupProvider.swift */; };
		D693872A29A5F0BE002D35D5 /* GridCollectionViewCell.swift in Sources */ = {isa = PBXBuildFile; fileRef = D693872929A5F0BE002D35D5 /* GridCollectionViewCell.swift */; };
		D693872C29A5F774002D35D5 /* Extensions.swift in Sources */ = {isa = PBXBuildFile; fileRef = D693872B29A5F774002D35D5 /* Extensions.swift */; };
		D693873029A62D6A002D35D5 /* GridCollectionViewCell.xib in Resources */ = {isa = PBXBuildFile; fileRef = D693872F29A62D6A002D35D5 /* GridCollectionViewCell.xib */; };
/* End PBXBuildFile section */

/* Begin PBXFileReference section */
		D693870A29A5E0F3002D35D5 /* DeviceCardCompositionalLayout.app */ = {isa = PBXFileReference; explicitFileType = wrapper.application; includeInIndex = 0; path = DeviceCardCompositionalLayout.app; sourceTree = BUILT_PRODUCTS_DIR; };
		D693870D29A5E0F3002D35D5 /* AppDelegate.swift */ = {isa = PBXFileReference; lastKnownFileType = sourcecode.swift; path = AppDelegate.swift; sourceTree = "<group>"; };
		D693870F29A5E0F3002D35D5 /* SceneDelegate.swift */ = {isa = PBXFileReference; lastKnownFileType = sourcecode.swift; path = SceneDelegate.swift; sourceTree = "<group>"; };
		D693871129A5E0F3002D35D5 /* ViewController.swift */ = {isa = PBXFileReference; lastKnownFileType = sourcecode.swift; path = ViewController.swift; sourceTree = "<group>"; };
		D693871429A5E0F3002D35D5 /* Base */ = {isa = PBXFileReference; lastKnownFileType = file.storyboard; name = Base; path = Base.lproj/Main.storyboard; sourceTree = "<group>"; };
		D693871629A5E0F5002D35D5 /* Assets.xcassets */ = {isa = PBXFileReference; lastKnownFileType = folder.assetcatalog; path = Assets.xcassets; sourceTree = "<group>"; };
		D693871929A5E0F5002D35D5 /* Base */ = {isa = PBXFileReference; lastKnownFileType = file.storyboard; name = Base; path = Base.lproj/LaunchScreen.storyboard; sourceTree = "<group>"; };
		D693871B29A5E0F5002D35D5 /* Info.plist */ = {isa = PBXFileReference; lastKnownFileType = text.plist.xml; path = Info.plist; sourceTree = "<group>"; };
		D693872229A5E66B002D35D5 /* CardType.swift */ = {isa = PBXFileReference; lastKnownFileType = sourcecode.swift; path = CardType.swift; sourceTree = "<group>"; };
		D693872429A5EC1F002D35D5 /* DynamicLayoutGroupProvider.swift */ = {isa = PBXFileReference; lastKnownFileType = sourcecode.swift; path = DynamicLayoutGroupProvider.swift; sourceTree = "<group>"; };
		D693872629A5ED27002D35D5 /* DeviceCardGroupProvider.swift */ = {isa = PBXFileReference; lastKnownFileType = sourcecode.swift; path = DeviceCardGroupProvider.swift; sourceTree = "<group>"; };
		D693872929A5F0BE002D35D5 /* GridCollectionViewCell.swift */ = {isa = PBXFileReference; lastKnownFileType = sourcecode.swift; path = GridCollectionViewCell.swift; sourceTree = "<group>"; };
		D693872B29A5F774002D35D5 /* Extensions.swift */ = {isa = PBXFileReference; lastKnownFileType = sourcecode.swift; path = Extensions.swift; sourceTree = "<group>"; };
		D693872F29A62D6A002D35D5 /* GridCollectionViewCell.xib */ = {isa = PBXFileReference; lastKnownFileType = file.xib; path = GridCollectionViewCell.xib; sourceTree = "<group>"; };
/* End PBXFileReference section */

/* Begin PBXFrameworksBuildPhase section */
		D693870729A5E0F3002D35D5 /* Frameworks */ = {
			isa = PBXFrameworksBuildPhase;
			buildActionMask = 2147483647;
			files = (
			);
			runOnlyForDeploymentPostprocessing = 0;
		};
/* End PBXFrameworksBuildPhase section */

/* Begin PBXGroup section */
		D693870129A5E0F3002D35D5 = {
			isa = PBXGroup;
			children = (
				D693870C29A5E0F3002D35D5 /* DeviceCardCompositionalLayout */,
				D693870B29A5E0F3002D35D5 /* Products */,
			);
			sourceTree = "<group>";
		};
		D693870B29A5E0F3002D35D5 /* Products */ = {
			isa = PBXGroup;
			children = (
				D693870A29A5E0F3002D35D5 /* DeviceCardCompositionalLayout.app */,
			);
			name = Products;
			sourceTree = "<group>";
		};
		D693870C29A5E0F3002D35D5 /* DeviceCardCompositionalLayout */ = {
			isa = PBXGroup;
			children = (
				D693872829A5F0A4002D35D5 /* Cell */,
				D693872129A5E65E002D35D5 /* Model */,
				D693870D29A5E0F3002D35D5 /* AppDelegate.swift */,
				D693870F29A5E0F3002D35D5 /* SceneDelegate.swift */,
				D693871129A5E0F3002D35D5 /* ViewController.swift */,
				D693872429A5EC1F002D35D5 /* DynamicLayoutGroupProvider.swift */,
				D693872629A5ED27002D35D5 /* DeviceCardGroupProvider.swift */,
				D693872B29A5F774002D35D5 /* Extensions.swift */,
				D693871329A5E0F3002D35D5 /* Main.storyboard */,
				D693871629A5E0F5002D35D5 /* Assets.xcassets */,
				D693871829A5E0F5002D35D5 /* LaunchScreen.storyboard */,
				D693871B29A5E0F5002D35D5 /* Info.plist */,
			);
			path = DeviceCardCompositionalLayout;
			sourceTree = "<group>";
		};
		D693872129A5E65E002D35D5 /* Model */ = {
			isa = PBXGroup;
			children = (
				D693872229A5E66B002D35D5 /* CardType.swift */,
			);
			path = Model;
			sourceTree = "<group>";
		};
		D693872829A5F0A4002D35D5 /* Cell */ = {
			isa = PBXGroup;
			children = (
				D693872929A5F0BE002D35D5 /* GridCollectionViewCell.swift */,
				D693872F29A62D6A002D35D5 /* GridCollectionViewCell.xib */,
			);
			path = Cell;
			sourceTree = "<group>";
		};
/* End PBXGroup section */

/* Begin PBXNativeTarget section */
		D693870929A5E0F3002D35D5 /* DeviceCardCompositionalLayout */ = {
			isa = PBXNativeTarget;
			buildConfigurationList = D693871E29A5E0F5002D35D5 /* Build configuration list for PBXNativeTarget "DeviceCardCompositionalLayout" */;
			buildPhases = (
				D693870629A5E0F3002D35D5 /* Sources */,
				D693870729A5E0F3002D35D5 /* Frameworks */,
				D693870829A5E0F3002D35D5 /* Resources */,
			);
			buildRules = (
			);
			dependencies = (
			);
			name = DeviceCardCompositionalLayout;
			productName = DeviceCardCompositionalLayout;
			productReference = D693870A29A5E0F3002D35D5 /* DeviceCardCompositionalLayout.app */;
			productType = "com.apple.product-type.application";
		};
/* End PBXNativeTarget section */

/* Begin PBXProject section */
		D693870229A5E0F3002D35D5 /* Project object */ = {
			isa = PBXProject;
			attributes = {
				BuildIndependentTargetsInParallel = 1;
				LastSwiftUpdateCheck = 1410;
				LastUpgradeCheck = 1410;
				TargetAttributes = {
					D693870929A5E0F3002D35D5 = {
						CreatedOnToolsVersion = 14.1;
					};
				};
			};
			buildConfigurationList = D693870529A5E0F3002D35D5 /* Build configuration list for PBXProject "DeviceCardCompositionalLayout" */;
			compatibilityVersion = "Xcode 14.0";
			developmentRegion = en;
			hasScannedForEncodings = 0;
			knownRegions = (
				en,
				Base,
			);
			mainGroup = D693870129A5E0F3002D35D5;
			productRefGroup = D693870B29A5E0F3002D35D5 /* Products */;
			projectDirPath = "";
			projectRoot = "";
			targets = (
				D693870929A5E0F3002D35D5 /* DeviceCardCompositionalLayout */,
			);
		};
/* End PBXProject section */

/* Begin PBXResourcesBuildPhase section */
		D693870829A5E0F3002D35D5 /* Resources */ = {
			isa = PBXResourcesBuildPhase;
			buildActionMask = 2147483647;
			files = (
				D693871A29A5E0F5002D35D5 /* LaunchScreen.storyboard in Resources */,
				D693871729A5E0F5002D35D5 /* Assets.xcassets in Resources */,
				D693873029A62D6A002D35D5 /* GridCollectionViewCell.xib in Resources */,
				D693871529A5E0F3002D35D5 /* Main.storyboard in Resources */,
			);
			runOnlyForDeploymentPostprocessing = 0;
		};
/* End PBXResourcesBuildPhase section */

/* Begin PBXSourcesBuildPhase section */
		D693870629A5E0F3002D35D5 /* Sources */ = {
			isa = PBXSourcesBuildPhase;
			buildActionMask = 2147483647;
			files = (
				D693871229A5E0F3002D35D5 /* ViewController.swift in Sources */,
				D693872529A5EC1F002D35D5 /* DynamicLayoutGroupProvider.swift in Sources */,
				D693872329A5E66B002D35D5 /* CardType.swift in Sources */,
				D693872C29A5F774002D35D5 /* Extensions.swift in Sources */,
				D693870E29A5E0F3002D35D5 /* AppDelegate.swift in Sources */,
				D693872A29A5F0BE002D35D5 /* GridCollectionViewCell.swift in Sources */,
				D693872729A5ED27002D35D5 /* DeviceCardGroupProvider.swift in Sources */,
				D693871029A5E0F3002D35D5 /* SceneDelegate.swift in Sources */,
			);
			runOnlyForDeploymentPostprocessing = 0;
		};
/* End PBXSourcesBuildPhase section */

/* Begin PBXVariantGroup section */
		D693871329A5E0F3002D35D5 /* Main.storyboard */ = {
			isa = PBXVariantGroup;
			children = (
				D693871429A5E0F3002D35D5 /* Base */,
			);
			name = Main.storyboard;
			sourceTree = "<group>";
		};
		D693871829A5E0F5002D35D5 /* LaunchScreen.storyboard */ = {
			isa = PBXVariantGroup;
			children = (
				D693871929A5E0F5002D35D5 /* Base */,
			);
			name = LaunchScreen.storyboard;
			sourceTree = "<group>";
		};
/* End PBXVariantGroup section */

/* Begin XCBuildConfiguration section */
		D693871C29A5E0F5002D35D5 /* Debug */ = {
			isa = XCBuildConfiguration;
			buildSettings = {
				ALWAYS_SEARCH_USER_PATHS = NO;
				CLANG_ANALYZER_NONNULL = YES;
				CLANG_ANALYZER_NUMBER_OBJECT_CONVERSION = YES_AGGRESSIVE;
				CLANG_CXX_LANGUAGE_STANDARD = "gnu++20";
				CLANG_ENABLE_MODULES = YES;
				CLANG_ENABLE_OBJC_ARC = YES;
				CLANG_ENABLE_OBJC_WEAK = YES;
				CLANG_WARN_BLOCK_CAPTURE_AUTORELEASING = YES;
				CLANG_WARN_BOOL_CONVERSION = YES;
				CLANG_WARN_COMMA = YES;
				CLANG_WARN_CONSTANT_CONVERSION = YES;
				CLANG_WARN_DEPRECATED_OBJC_IMPLEMENTATIONS = YES;
				CLANG_WARN_DIRECT_OBJC_ISA_USAGE = YES_ERROR;
				CLANG_WARN_DOCUMENTATION_COMMENTS = YES;
				CLANG_WARN_EMPTY_BODY = YES;
				CLANG_WARN_ENUM_CONVERSION = YES;
				CLANG_WARN_INFINITE_RECURSION = YES;
				CLANG_WARN_INT_CONVERSION = YES;
				CLANG_WARN_NON_LITERAL_NULL_CONVERSION = YES;
				CLANG_WARN_OBJC_IMPLICIT_RETAIN_SELF = YES;
				CLANG_WARN_OBJC_LITERAL_CONVERSION = YES;
				CLANG_WARN_OBJC_ROOT_CLASS = YES_ERROR;
				CLANG_WARN_QUOTED_INCLUDE_IN_FRAMEWORK_HEADER = YES;
				CLANG_WARN_RANGE_LOOP_ANALYSIS = YES;
				CLANG_WARN_STRICT_PROTOTYPES = YES;
				CLANG_WARN_SUSPICIOUS_MOVE = YES;
				CLANG_WARN_UNGUARDED_AVAILABILITY = YES_AGGRESSIVE;
				CLANG_WARN_UNREACHABLE_CODE = YES;
				CLANG_WARN__DUPLICATE_METHOD_MATCH = YES;
				COPY_PHASE_STRIP = NO;
				DEBUG_INFORMATION_FORMAT = dwarf;
				ENABLE_STRICT_OBJC_MSGSEND = YES;
				ENABLE_TESTABILITY = YES;
				GCC_C_LANGUAGE_STANDARD = gnu11;
				GCC_DYNAMIC_NO_PIC = NO;
				GCC_NO_COMMON_BLOCKS = YES;
				GCC_OPTIMIZATION_LEVEL = 0;
				GCC_PREPROCESSOR_DEFINITIONS = (
					"DEBUG=1",
					"$(inherited)",
				);
				GCC_WARN_64_TO_32_BIT_CONVERSION = YES;
				GCC_WARN_ABOUT_RETURN_TYPE = YES_ERROR;
				GCC_WARN_UNDECLARED_SELECTOR = YES;
				GCC_WARN_UNINITIALIZED_AUTOS = YES_AGGRESSIVE;
				GCC_WARN_UNUSED_FUNCTION = YES;
				GCC_WARN_UNUSED_VARIABLE = YES;
				IPHONEOS_DEPLOYMENT_TARGET = 15.0;
				MTL_ENABLE_DEBUG_INFO = INCLUDE_SOURCE;
				MTL_FAST_MATH = YES;
				ONLY_ACTIVE_ARCH = YES;
				SDKROOT = iphoneos;
				SWIFT_ACTIVE_COMPILATION_CONDITIONS = DEBUG;
				SWIFT_OPTIMIZATION_LEVEL = "-Onone";
			};
			name = Debug;
		};
		D693871D29A5E0F5002D35D5 /* Release */ = {
			isa = XCBuildConfiguration;
			buildSettings = {
				ALWAYS_SEARCH_USER_PATHS = NO;
				CLANG_ANALYZER_NONNULL = YES;
				CLANG_ANALYZER_NUMBER_OBJECT_CONVERSION = YES_AGGRESSIVE;
				CLANG_CXX_LANGUAGE_STANDARD = "gnu++20";
				CLANG_ENABLE_MODULES = YES;
				CLANG_ENABLE_OBJC_ARC = YES;
				CLANG_ENABLE_OBJC_WEAK = YES;
				CLANG_WARN_BLOCK_CAPTURE_AUTORELEASING = YES;
				CLANG_WARN_BOOL_CONVERSION = YES;
				CLANG_WARN_COMMA = YES;
				CLANG_WARN_CONSTANT_CONVERSION = YES;
				CLANG_WARN_DEPRECATED_OBJC_IMPLEMENTATIONS = YES;
				CLANG_WARN_DIRECT_OBJC_ISA_USAGE = YES_ERROR;
				CLANG_WARN_DOCUMENTATION_COMMENTS = YES;
				CLANG_WARN_EMPTY_BODY = YES;
				CLANG_WARN_ENUM_CONVERSION = YES;
				CLANG_WARN_INFINITE_RECURSION = YES;
				CLANG_WARN_INT_CONVERSION = YES;
				CLANG_WARN_NON_LITERAL_NULL_CONVERSION = YES;
				CLANG_WARN_OBJC_IMPLICIT_RETAIN_SELF = YES;
				CLANG_WARN_OBJC_LITERAL_CONVERSION = YES;
				CLANG_WARN_OBJC_ROOT_CLASS = YES_ERROR;
				CLANG_WARN_QUOTED_INCLUDE_IN_FRAMEWORK_HEADER = YES;
				CLANG_WARN_RANGE_LOOP_ANALYSIS = YES;
				CLANG_WARN_STRICT_PROTOTYPES = YES;
				CLANG_WARN_SUSPICIOUS_MOVE = YES;
				CLANG_WARN_UNGUARDED_AVAILABILITY = YES_AGGRESSIVE;
				CLANG_WARN_UNREACHABLE_CODE = YES;
				CLANG_WARN__DUPLICATE_METHOD_MATCH = YES;
				COPY_PHASE_STRIP = NO;
				DEBUG_INFORMATION_FORMAT = "dwarf-with-dsym";
				ENABLE_NS_ASSERTIONS = NO;
				ENABLE_STRICT_OBJC_MSGSEND = YES;
				GCC_C_LANGUAGE_STANDARD = gnu11;
				GCC_NO_COMMON_BLOCKS = YES;
				GCC_WARN_64_TO_32_BIT_CONVERSION = YES;
				GCC_WARN_ABOUT_RETURN_TYPE = YES_ERROR;
				GCC_WARN_UNDECLARED_SELECTOR = YES;
				GCC_WARN_UNINITIALIZED_AUTOS = YES_AGGRESSIVE;
				GCC_WARN_UNUSED_FUNCTION = YES;
				GCC_WARN_UNUSED_VARIABLE = YES;
				IPHONEOS_DEPLOYMENT_TARGET = 15.0;
				MTL_ENABLE_DEBUG_INFO = NO;
				MTL_FAST_MATH = YES;
				SDKROOT = iphoneos;
				SWIFT_COMPILATION_MODE = wholemodule;
				SWIFT_OPTIMIZATION_LEVEL = "-O";
				VALIDATE_PRODUCT = YES;
			};
			name = Release;
		};
		D693871F29A5E0F5002D35D5 /* Debug */ = {
			isa = XCBuildConfiguration;
			buildSettings = {
				ASSETCATALOG_COMPILER_APPICON_NAME = AppIcon;
				ASSETCATALOG_COMPILER_GLOBAL_ACCENT_COLOR_NAME = AccentColor;
				CODE_SIGN_STYLE = Automatic;
				CURRENT_PROJECT_VERSION = 1;
				DEVELOPMENT_TEAM = 778772V9MB;
				GENERATE_INFOPLIST_FILE = YES;
				INFOPLIST_FILE = DeviceCardCompositionalLayout/Info.plist;
				INFOPLIST_KEY_UIApplicationSupportsIndirectInputEvents = YES;
				INFOPLIST_KEY_UILaunchStoryboardName = LaunchScreen;
				INFOPLIST_KEY_UIMainStoryboardFile = Main;
				INFOPLIST_KEY_UISupportedInterfaceOrientations_iPad = "UIInterfaceOrientationPortrait UIInterfaceOrientationPortraitUpsideDown UIInterfaceOrientationLandscapeLeft UIInterfaceOrientationLandscapeRight";
				INFOPLIST_KEY_UISupportedInterfaceOrientations_iPhone = "UIInterfaceOrientationPortrait UIInterfaceOrientationLandscapeLeft UIInterfaceOrientationLandscapeRight";
				LD_RUNPATH_SEARCH_PATHS = (
					"$(inherited)",
					"@executable_path/Frameworks",
				);
				MARKETING_VERSION = 1.0;
				PRODUCT_BUNDLE_IDENTIFIER = com.rafsan.dev.DeviceCardCompositionalLayout;
				PRODUCT_NAME = "$(TARGET_NAME)";
				SWIFT_EMIT_LOC_STRINGS = YES;
				SWIFT_VERSION = 5.0;
				TARGETED_DEVICE_FAMILY = "1,2";
			};
			name = Debug;
		};
		D693872029A5E0F5002D35D5 /* Release */ = {
			isa = XCBuildConfiguration;
			buildSettings = {
				ASSETCATALOG_COMPILER_APPICON_NAME = AppIcon;
				ASSETCATALOG_COMPILER_GLOBAL_ACCENT_COLOR_NAME = AccentColor;
				CODE_SIGN_STYLE = Automatic;
				CURRENT_PROJECT_VERSION = 1;
				DEVELOPMENT_TEAM = 778772V9MB;
				GENERATE_INFOPLIST_FILE = YES;
				INFOPLIST_FILE = DeviceCardCompositionalLayout/Info.plist;
				INFOPLIST_KEY_UIApplicationSupportsIndirectInputEvents = YES;
				INFOPLIST_KEY_UILaunchStoryboardName = LaunchScreen;
				INFOPLIST_KEY_UIMainStoryboardFile = Main;
				INFOPLIST_KEY_UISupportedInterfaceOrientations_iPad = "UIInterfaceOrientationPortrait UIInterfaceOrientationPortraitUpsideDown UIInterfaceOrientationLandscapeLeft UIInterfaceOrientationLandscapeRight";
				INFOPLIST_KEY_UISupportedInterfaceOrientations_iPhone = "UIInterfaceOrientationPortrait UIInterfaceOrientationLandscapeLeft UIInterfaceOrientationLandscapeRight";
				LD_RUNPATH_SEARCH_PATHS = (
					"$(inherited)",
					"@executable_path/Frameworks",
				);
				MARKETING_VERSION = 1.0;
				PRODUCT_BUNDLE_IDENTIFIER = com.rafsan.dev.DeviceCardCompositionalLayout;
				PRODUCT_NAME = "$(TARGET_NAME)";
				SWIFT_EMIT_LOC_STRINGS = YES;
				SWIFT_VERSION = 5.0;
				TARGETED_DEVICE_FAMILY = "1,2";
			};
			name = Release;
		};
/* End XCBuildConfiguration section */

/* Begin XCConfigurationList section */
		D693870529A5E0F3002D35D5 /* Build configuration list for PBXProject "DeviceCardCompositionalLayout" */ = {
			isa = XCConfigurationList;
			buildConfigurations = (
				D693871C29A5E0F5002D35D5 /* Debug */,
				D693871D29A5E0F5002D35D5 /* Release */,
			);
			defaultConfigurationIsVisible = 0;
			defaultConfigurationName = Release;
		};
		D693871E29A5E0F5002D35D5 /* Build configuration list for PBXNativeTarget "DeviceCardCompositionalLayout" */ = {
			isa = XCConfigurationList;
			buildConfigurations = (
				D693871F29A5E0F5002D35D5 /* Debug */,
				D693872029A5E0F5002D35D5 /* Release */,
			);
			defaultConfigurationIsVisible = 0;
			defaultConfigurationName = Release;
		};
/* End XCConfigurationList section */
	};
	rootObject = D693870229A5E0F3002D35D5 /* Project object */;
}
